// !$*UTF8*$!
{
	archiveVersion = 1;
	classes = {
	};
	objectVersion = 46;
	objects = {

/* Begin PBXBuildFile section */
		461B9D4B1B9BF09900A240A1 /* LLRootViewController.m in Sources */ = {isa = PBXBuildFile; fileRef = 461B9D4A1B9BF09900A240A1 /* LLRootViewController.m */; };
		4657B24D1B70FA5600BA67F4 /* main.m in Sources */ = {isa = PBXBuildFile; fileRef = 4657B24C1B70FA5600BA67F4 /* main.m */; };
		4657B2501B70FA5600BA67F4 /* AppDelegate.m in Sources */ = {isa = PBXBuildFile; fileRef = 4657B24F1B70FA5600BA67F4 /* AppDelegate.m */; };
		4657B2581B70FA5600BA67F4 /* Images.xcassets in Resources */ = {isa = PBXBuildFile; fileRef = 4657B2571B70FA5600BA67F4 /* Images.xcassets */; };
		4657B25B1B70FA5600BA67F4 /* LaunchScreen.xib in Resources */ = {isa = PBXBuildFile; fileRef = 4657B2591B70FA5600BA67F4 /* LaunchScreen.xib */; };
		4657B2671B70FA5600BA67F4 /* LLPartTimeJobTests.m in Sources */ = {isa = PBXBuildFile; fileRef = 4657B2661B70FA5600BA67F4 /* LLPartTimeJobTests.m */; };
/* End PBXBuildFile section */

/* Begin PBXContainerItemProxy section */
		4657B2611B70FA5600BA67F4 /* PBXContainerItemProxy */ = {
			isa = PBXContainerItemProxy;
			containerPortal = 4657B23F1B70FA5500BA67F4 /* Project object */;
			proxyType = 1;
			remoteGlobalIDString = 4657B2461B70FA5600BA67F4;
			remoteInfo = LLPartTimeJob;
		};
/* End PBXContainerItemProxy section */

/* Begin PBXFileReference section */
		461B9D481B9BEE7D00A240A1 /* LLDefine.h */ = {isa = PBXFileReference; fileEncoding = 4; lastKnownFileType = sourcecode.c.h; path = LLDefine.h; sourceTree = "<group>"; };
		461B9D491B9BF09900A240A1 /* LLRootViewController.h */ = {isa = PBXFileReference; fileEncoding = 4; lastKnownFileType = sourcecode.c.h; name = LLRootViewController.h; path = General/LLRootViewController.h; sourceTree = "<group>"; };
		461B9D4A1B9BF09900A240A1 /* LLRootViewController.m */ = {isa = PBXFileReference; fileEncoding = 4; lastKnownFileType = sourcecode.c.objc; name = LLRootViewController.m; path = General/LLRootViewController.m; sourceTree = "<group>"; };
		4657B2471B70FA5600BA67F4 /* LLPartTimeJob.app */ = {isa = PBXFileReference; explicitFileType = wrapper.application; includeInIndex = 0; path = LLPartTimeJob.app; sourceTree = BUILT_PRODUCTS_DIR; };
		4657B24B1B70FA5600BA67F4 /* Info.plist */ = {isa = PBXFileReference; lastKnownFileType = text.plist.xml; path = Info.plist; sourceTree = "<group>"; };
		4657B24C1B70FA5600BA67F4 /* main.m */ = {isa = PBXFileReference; lastKnownFileType = sourcecode.c.objc; path = main.m; sourceTree = "<group>"; };
		4657B24E1B70FA5600BA67F4 /* AppDelegate.h */ = {isa = PBXFileReference; lastKnownFileType = sourcecode.c.h; path = AppDelegate.h; sourceTree = "<group>"; };
		4657B24F1B70FA5600BA67F4 /* AppDelegate.m */ = {isa = PBXFileReference; lastKnownFileType = sourcecode.c.objc; path = AppDelegate.m; sourceTree = "<group>"; };
		4657B2571B70FA5600BA67F4 /* Images.xcassets */ = {isa = PBXFileReference; lastKnownFileType = folder.assetcatalog; path = Images.xcassets; sourceTree = "<group>"; };
		4657B25A1B70FA5600BA67F4 /* Base */ = {isa = PBXFileReference; lastKnownFileType = file.xib; name = Base; path = Base.lproj/LaunchScreen.xib; sourceTree = "<group>"; };
		4657B2601B70FA5600BA67F4 /* LLPartTimeJobTests.xctest */ = {isa = PBXFileReference; explicitFileType = wrapper.cfbundle; includeInIndex = 0; path = LLPartTimeJobTests.xctest; sourceTree = BUILT_PRODUCTS_DIR; };
		4657B2651B70FA5600BA67F4 /* Info.plist */ = {isa = PBXFileReference; lastKnownFileType = text.plist.xml; path = Info.plist; sourceTree = "<group>"; };
		4657B2661B70FA5600BA67F4 /* LLPartTimeJobTests.m */ = {isa = PBXFileReference; lastKnownFileType = sourcecode.c.objc; path = LLPartTimeJobTests.m; sourceTree = "<group>"; };
/* End PBXFileReference section */

/* Begin PBXFrameworksBuildPhase section */
		4657B2441B70FA5600BA67F4 /* Frameworks */ = {
			isa = PBXFrameworksBuildPhase;
			buildActionMask = 2147483647;
			files = (
			);
			runOnlyForDeploymentPostprocessing = 0;
		};
		4657B25D1B70FA5600BA67F4 /* Frameworks */ = {
			isa = PBXFrameworksBuildPhase;
			buildActionMask = 2147483647;
			files = (
			);
			runOnlyForDeploymentPostprocessing = 0;
		};
/* End PBXFrameworksBuildPhase section */

/* Begin PBXGroup section */
		461B9D3F1B9BE77B00A240A1 /* AppEntrance */ = {
			isa = PBXGroup;
			children = (
				461B9D491B9BF09900A240A1 /* LLRootViewController.h */,
				461B9D4A1B9BF09900A240A1 /* LLRootViewController.m */,
			);
			name = AppEntrance;
			path = ..;
			sourceTree = "<group>";
		};
		461B9D401B9BED6500A240A1 /* General */ = {
			isa = PBXGroup;
			children = (
				461B9D3F1B9BE77B00A240A1 /* AppEntrance */,
			);
			path = General;
			sourceTree = "<group>";
		};
		461B9D411B9BED6500A240A1 /* Helpers */ = {
			isa = PBXGroup;
			children = (
			);
			path = Helpers;
			sourceTree = "<group>";
		};
		461B9D421B9BED6500A240A1 /* Macrol */ = {
			isa = PBXGroup;
			children = (
			);
			path = Macrol;
			sourceTree = "<group>";
		};
		461B9D431B9BED6500A240A1 /* Models */ = {
			isa = PBXGroup;
			children = (
				461B9D481B9BEE7D00A240A1 /* LLDefine.h */,
			);
			path = Models;
			sourceTree = "<group>";
		};
		461B9D441B9BED6500A240A1 /* Resources */ = {
			isa = PBXGroup;
			children = (
			);
			path = Resources;
			sourceTree = "<group>";
		};
		461B9D451B9BED6500A240A1 /* Sections */ = {
			isa = PBXGroup;
			children = (
			);
			path = Sections;
			sourceTree = "<group>";
		};
		461B9D461B9BED6500A240A1 /* Vendors */ = {
			isa = PBXGroup;
			children = (
			);
			path = Vendors;
			sourceTree = "<group>";
		};
		4657B23E1B70FA5500BA67F4 = {
			isa = PBXGroup;
			children = (
				4657B2491B70FA5600BA67F4 /* LLPartTimeJob */,
				4657B2631B70FA5600BA67F4 /* LLPartTimeJobTests */,
				4657B2481B70FA5600BA67F4 /* Products */,
			);
			sourceTree = "<group>";
		};
		4657B2481B70FA5600BA67F4 /* Products */ = {
			isa = PBXGroup;
			children = (
				4657B2471B70FA5600BA67F4 /* LLPartTimeJob.app */,
				4657B2601B70FA5600BA67F4 /* LLPartTimeJobTests.xctest */,
			);
			name = Products;
			sourceTree = "<group>";
		};
		4657B2491B70FA5600BA67F4 /* LLPartTimeJob */ = {
			isa = PBXGroup;
			children = (
				461B9D401B9BED6500A240A1 /* General */,
				461B9D411B9BED6500A240A1 /* Helpers */,
				461B9D421B9BED6500A240A1 /* Macrol */,
				461B9D431B9BED6500A240A1 /* Models */,
				461B9D441B9BED6500A240A1 /* Resources */,
				461B9D451B9BED6500A240A1 /* Sections */,
				461B9D461B9BED6500A240A1 /* Vendors */,
				4657B2571B70FA5600BA67F4 /* Images.xcassets */,
				4657B24E1B70FA5600BA67F4 /* AppDelegate.h */,
				4657B24F1B70FA5600BA67F4 /* AppDelegate.m */,
				4657B2591B70FA5600BA67F4 /* LaunchScreen.xib */,
				4657B24A1B70FA5600BA67F4 /* Supporting Files */,
			);
			path = LLPartTimeJob;
			sourceTree = "<group>";
		};
		4657B24A1B70FA5600BA67F4 /* Supporting Files */ = {
			isa = PBXGroup;
			children = (
				4657B24B1B70FA5600BA67F4 /* Info.plist */,
				4657B24C1B70FA5600BA67F4 /* main.m */,
			);
			name = "Supporting Files";
			sourceTree = "<group>";
		};
		4657B2631B70FA5600BA67F4 /* LLPartTimeJobTests */ = {
			isa = PBXGroup;
			children = (
				4657B2661B70FA5600BA67F4 /* LLPartTimeJobTests.m */,
				4657B2641B70FA5600BA67F4 /* Supporting Files */,
			);
			path = LLPartTimeJobTests;
			sourceTree = "<group>";
		};
		4657B2641B70FA5600BA67F4 /* Supporting Files */ = {
			isa = PBXGroup;
			children = (
				4657B2651B70FA5600BA67F4 /* Info.plist */,
			);
			name = "Supporting Files";
			sourceTree = "<group>";
		};
/* End PBXGroup section */

/* Begin PBXNativeTarget section */
		4657B2461B70FA5600BA67F4 /* LLPartTimeJob */ = {
			isa = PBXNativeTarget;
			buildConfigurationList = 4657B26A1B70FA5600BA67F4 /* Build configuration list for PBXNativeTarget "LLPartTimeJob" */;
			buildPhases = (
				4657B2431B70FA5600BA67F4 /* Sources */,
				4657B2441B70FA5600BA67F4 /* Frameworks */,
				4657B2451B70FA5600BA67F4 /* Resources */,
			);
			buildRules = (
			);
			dependencies = (
			);
			name = LLPartTimeJob;
			productName = LLPartTimeJob;
			productReference = 4657B2471B70FA5600BA67F4 /* LLPartTimeJob.app */;
			productType = "com.apple.product-type.application";
		};
		4657B25F1B70FA5600BA67F4 /* LLPartTimeJobTests */ = {
			isa = PBXNativeTarget;
			buildConfigurationList = 4657B26D1B70FA5600BA67F4 /* Build configuration list for PBXNativeTarget "LLPartTimeJobTests" */;
			buildPhases = (
				4657B25C1B70FA5600BA67F4 /* Sources */,
				4657B25D1B70FA5600BA67F4 /* Frameworks */,
				4657B25E1B70FA5600BA67F4 /* Resources */,
			);
			buildRules = (
			);
			dependencies = (
				4657B2621B70FA5600BA67F4 /* PBXTargetDependency */,
			);
			name = LLPartTimeJobTests;
			productName = LLPartTimeJobTests;
			productReference = 4657B2601B70FA5600BA67F4 /* LLPartTimeJobTests.xctest */;
			productType = "com.apple.product-type.bundle.unit-test";
		};
/* End PBXNativeTarget section */

/* Begin PBXProject section */
		4657B23F1B70FA5500BA67F4 /* Project object */ = {
			isa = PBXProject;
			attributes = {
				LastUpgradeCheck = 0640;
				ORGANIZATIONNAME = Luolei;
				TargetAttributes = {
					4657B2461B70FA5600BA67F4 = {
						CreatedOnToolsVersion = 6.4;
					};
					4657B25F1B70FA5600BA67F4 = {
						CreatedOnToolsVersion = 6.4;
						TestTargetID = 4657B2461B70FA5600BA67F4;
					};
				};
			};
			buildConfigurationList = 4657B2421B70FA5500BA67F4 /* Build configuration list for PBXProject "LLPartTimeJob" */;
			compatibilityVersion = "Xcode 3.2";
			developmentRegion = English;
			hasScannedForEncodings = 0;
			knownRegions = (
				en,
				Base,
			);
			mainGroup = 4657B23E1B70FA5500BA67F4;
			productRefGroup = 4657B2481B70FA5600BA67F4 /* Products */;
			projectDirPath = "";
			projectRoot = "";
			targets = (
				4657B2461B70FA5600BA67F4 /* LLPartTimeJob */,
				4657B25F1B70FA5600BA67F4 /* LLPartTimeJobTests */,
			);
		};
/* End PBXProject section */

/* Begin PBXResourcesBuildPhase section */
		4657B2451B70FA5600BA67F4 /* Resources */ = {
			isa = PBXResourcesBuildPhase;
			buildActionMask = 2147483647;
			files = (
				4657B25B1B70FA5600BA67F4 /* LaunchScreen.xib in Resources */,
				4657B2581B70FA5600BA67F4 /* Images.xcassets in Resources */,
			);
			runOnlyForDeploymentPostprocessing = 0;
		};
		4657B25E1B70FA5600BA67F4 /* Resources */ = {
			isa = PBXResourcesBuildPhase;
			buildActionMask = 2147483647;
			files = (
			);
			runOnlyForDeploymentPostprocessing = 0;
		};
/* End PBXResourcesBuildPhase section */

/* Begin PBXSourcesBuildPhase section */
		4657B2431B70FA5600BA67F4 /* Sources */ = {
			isa = PBXSourcesBuildPhase;
			buildActionMask = 2147483647;
			files = (
				461B9D4B1B9BF09900A240A1 /* LLRootViewController.m in Sources */,
				4657B2501B70FA5600BA67F4 /* AppDelegate.m in Sources */,
				4657B24D1B70FA5600BA67F4 /* main.m in Sources */,
			);
			runOnlyForDeploymentPostprocessing = 0;
		};
		4657B25C1B70FA5600BA67F4 /* Sources */ = {
			isa = PBXSourcesBuildPhase;
			buildActionMask = 2147483647;
			files = (
				4657B2671B70FA5600BA67F4 /* LLPartTimeJobTests.m in Sources */,
			);
			runOnlyForDeploymentPostprocessing = 0;
		};
/* End PBXSourcesBuildPhase section */

/* Begin PBXTargetDependency section */
		4657B2621B70FA5600BA67F4 /* PBXTargetDependency */ = {
			isa = PBXTargetDependency;
			target = 4657B2461B70FA5600BA67F4 /* LLPartTimeJob */;
			targetProxy = 4657B2611B70FA5600BA67F4 /* PBXContainerItemProxy */;
		};
/* End PBXTargetDependency section */

/* Begin PBXVariantGroup section */
		4657B2591B70FA5600BA67F4 /* LaunchScreen.xib */ = {
			isa = PBXVariantGroup;
			children = (
				4657B25A1B70FA5600BA67F4 /* Base */,
			);
			name = LaunchScreen.xib;
			sourceTree = "<group>";
		};
/* End PBXVariantGroup section */

/* Begin XCBuildConfiguration section */
		4657B2681B70FA5600BA67F4 /* Debug */ = {
			isa = XCBuildConfiguration;
			buildSettings = {
				ALWAYS_SEARCH_USER_PATHS = NO;
				CLANG_CXX_LANGUAGE_STANDARD = "gnu++0x";
				CLANG_CXX_LIBRARY = "libc++";
				CLANG_ENABLE_MODULES = YES;
				CLANG_ENABLE_OBJC_ARC = YES;
				CLANG_WARN_BOOL_CONVERSION = YES;
				CLANG_WARN_CONSTANT_CONVERSION = YES;
				CLANG_WARN_DIRECT_OBJC_ISA_USAGE = YES_ERROR;
				CLANG_WARN_EMPTY_BODY = YES;
				CLANG_WARN_ENUM_CONVERSION = YES;
				CLANG_WARN_INT_CONVERSION = YES;
				CLANG_WARN_OBJC_ROOT_CLASS = YES_ERROR;
				CLANG_WARN_UNREACHABLE_CODE = YES;
				CLANG_WARN__DUPLICATE_METHOD_MATCH = YES;
				"CODE_SIGN_IDENTITY[sdk=iphoneos*]" = "iPhone Developer";
				COPY_PHASE_STRIP = NO;
				DEBUG_INFORMATION_FORMAT = "dwarf-with-dsym";
				ENABLE_STRICT_OBJC_MSGSEND = YES;
				GCC_C_LANGUAGE_STANDARD = gnu99;
				GCC_DYNAMIC_NO_PIC = NO;
				GCC_NO_COMMON_BLOCKS = YES;
				GCC_OPTIMIZATION_LEVEL = 0;
				GCC_PREPROCESSOR_DEFINITIONS = (
					"DEBUG=1",
					"$(inherited)",
				);
				GCC_SYMBOLS_PRIVATE_EXTERN = NO;
				GCC_WARN_64_TO_32_BIT_CONVERSION = YES;
				GCC_WARN_ABOUT_RETURN_TYPE = YES_ERROR;
				GCC_WARN_UNDECLARED_SELECTOR = YES;
				GCC_WARN_UNINITIALIZED_AUTOS = YES_AGGRESSIVE;
				GCC_WARN_UNUSED_FUNCTION = YES;
				GCC_WARN_UNUSED_VARIABLE = YES;
				IPHONEOS_DEPLOYMENT_TARGET = 8.4;
				MTL_ENABLE_DEBUG_INFO = YES;
				ONLY_ACTIVE_ARCH = YES;
				SDKROOT = iphoneos;
			};
			name = Debug;
		};
		4657B2691B70FA5600BA67F4 /* Release */ = {
			isa = XCBuildConfiguration;
			buildSettings = {
				ALWAYS_SEARCH_USER_PATHS = NO;
				CLANG_CXX_LANGUAGE_STANDARD = "gnu++0x";
				CLANG_CXX_LIBRARY = "libc++";
				CLANG_ENABLE_MODULES = YES;
				CLANG_ENABLE_OBJC_ARC = YES;
				CLANG_WARN_BOOL_CONVERSION = YES;
				CLANG_WARN_CONSTANT_CONVERSION = YES;
				CLANG_WARN_DIRECT_OBJC_ISA_USAGE = YES_ERROR;
				CLANG_WARN_EMPTY_BODY = YES;
				CLANG_WARN_ENUM_CONVERSION = YES;
				CLANG_WARN_INT_CONVERSION = YES;
				CLANG_WARN_OBJC_ROOT_CLASS = YES_ERROR;
				CLANG_WARN_UNREACHABLE_CODE = YES;
				CLANG_WARN__DUPLICATE_METHOD_MATCH = YES;
				"CODE_SIGN_IDENTITY[sdk=iphoneos*]" = "iPhone Developer";
				COPY_PHASE_STRIP = NO;
				DEBUG_INFORMATION_FORMAT = "dwarf-with-dsym";
				ENABLE_NS_ASSERTIONS = NO;
				ENABLE_STRICT_OBJC_MSGSEND = YES;
				GCC_C_LANGUAGE_STANDARD = gnu99;
				GCC_NO_COMMON_BLOCKS = YES;
				GCC_WARN_64_TO_32_BIT_CONVERSION = YES;
				GCC_WARN_ABOUT_RETURN_TYPE = YES_ERROR;
				GCC_WARN_UNDECLARED_SELECTOR = YES;
				GCC_WARN_UNINITIALIZED_AUTOS = YES_AGGRESSIVE;
				GCC_WARN_UNUSED_FUNCTION = YES;
				GCC_WARN_UNUSED_VARIABLE = YES;
				IPHONEOS_DEPLOYMENT_TARGET = 8.4;
				MTL_ENABLE_DEBUG_INFO = NO;
				SDKROOT = iphoneos;
				VALIDATE_PRODUCT = YES;
			};
			name = Release;
		};
		4657B26B1B70FA5600BA67F4 /* Debug */ = {
			isa = XCBuildConfiguration;
			buildSettings = {
				ASSETCATALOG_COMPILER_APPICON_NAME = AppIcon;
				INFOPLIST_FILE = LLPartTimeJob/Info.plist;
				LD_RUNPATH_SEARCH_PATHS = "$(inherited) @executable_path/Frameworks";
				PRODUCT_NAME = "$(TARGET_NAME)";
			};
			name = Debug;
		};
		4657B26C1B70FA5600BA67F4 /* Release */ = {
			isa = XCBuildConfiguration;
			buildSettings = {
				ASSETCATALOG_COMPILER_APPICON_NAME = AppIcon;
				INFOPLIST_FILE = LLPartTimeJob/Info.plist;
				LD_RUNPATH_SEARCH_PATHS = "$(inherited) @executable_path/Frameworks";
				PRODUCT_NAME = "$(TARGET_NAME)";
			};
			name = Release;
		};
		4657B26E1B70FA5600BA67F4 /* Debug */ = {
			isa = XCBuildConfiguration;
			buildSettings = {
				BUNDLE_LOADER = "$(TEST_HOST)";
				FRAMEWORK_SEARCH_PATHS = (
					"$(SDKROOT)/Developer/Library/Frameworks",
					"$(inherited)",
				);
				GCC_PREPROCESSOR_DEFINITIONS = (
					"DEBUG=1",
					"$(inherited)",
				);
				INFOPLIST_FILE = LLPartTimeJobTests/Info.plist;
				LD_RUNPATH_SEARCH_PATHS = "$(inherited) @executable_path/Frameworks @loader_path/Frameworks";
				PRODUCT_NAME = "$(TARGET_NAME)";
				TEST_HOST = "$(BUILT_PRODUCTS_DIR)/LLPartTimeJob.app/LLPartTimeJob";
			};
			name = Debug;
		};
		4657B26F1B70FA5600BA67F4 /* Release */ = {
			isa = XCBuildConfiguration;
			buildSettings = {
				BUNDLE_LOADER = "$(TEST_HOST)";
				FRAMEWORK_SEARCH_PATHS = (
					"$(SDKROOT)/Developer/Library/Frameworks",
					"$(inherited)",
				);
				INFOPLIST_FILE = LLPartTimeJobTests/Info.plist;
				LD_RUNPATH_SEARCH_PATHS = "$(inherited) @executable_path/Frameworks @loader_path/Frameworks";
				PRODUCT_NAME = "$(TARGET_NAME)";
				TEST_HOST = "$(BUILT_PRODUCTS_DIR)/LLPartTimeJob.app/LLPartTimeJob";
			};
			name = Release;
		};
/* End XCBuildConfiguration section */

/* Begin XCConfigurationList section */
		4657B2421B70FA5500BA67F4 /* Build configuration list for PBXProject "LLPartTimeJob" */ = {
			isa = XCConfigurationList;
			buildConfigurations = (
				4657B2681B70FA5600BA67F4 /* Debug */,
				4657B2691B70FA5600BA67F4 /* Release */,
			);
			defaultConfigurationIsVisible = 0;
			defaultConfigurationName = Release;
		};
		4657B26A1B70FA5600BA67F4 /* Build configuration list for PBXNativeTarget "LLPartTimeJob" */ = {
			isa = XCConfigurationList;
			buildConfigurations = (
				4657B26B1B70FA5600BA67F4 /* Debug */,
				4657B26C1B70FA5600BA67F4 /* Release */,
			);
			defaultConfigurationIsVisible = 0;
			defaultConfigurationName = Release;
		};
		4657B26D1B70FA5600BA67F4 /* Build configuration list for PBXNativeTarget "LLPartTimeJobTests" */ = {
			isa = XCConfigurationList;
			buildConfigurations = (
				4657B26E1B70FA5600BA67F4 /* Debug */,
				4657B26F1B70FA5600BA67F4 /* Release */,
			);
			defaultConfigurationIsVisible = 0;
			defaultConfigurationName = Release;
		};
/* End XCConfigurationList section */
	};
	rootObject = 4657B23F1B70FA5500BA67F4 /* Project object */;
}
